// !$*UTF8*$!
{
	archiveVersion = 1;
	classes = {
	};
	objectVersion = 48;
	objects = {

/* Begin PBXBuildFile section */
		6A3AD8381FB29E180046B869 /* AppDelegate.m in Sources */ = {isa = PBXBuildFile; fileRef = 6A3AD8371FB29E180046B869 /* AppDelegate.m */; };
		6A3AD83A1FB29E180046B869 /* art.scnassets in Resources */ = {isa = PBXBuildFile; fileRef = 6A3AD8391FB29E180046B869 /* art.scnassets */; };
		6A3AD83D1FB29E180046B869 /* ViewController.m in Sources */ = {isa = PBXBuildFile; fileRef = 6A3AD83C1FB29E180046B869 /* ViewController.m */; };
		6A3AD8401FB29E180046B869 /* Main.storyboard in Resources */ = {isa = PBXBuildFile; fileRef = 6A3AD83E1FB29E180046B869 /* Main.storyboard */; };
		6A3AD8421FB29E180046B869 /* Assets.xcassets in Resources */ = {isa = PBXBuildFile; fileRef = 6A3AD8411FB29E180046B869 /* Assets.xcassets */; };
		6A3AD8451FB29E180046B869 /* LaunchScreen.storyboard in Resources */ = {isa = PBXBuildFile; fileRef = 6A3AD8431FB29E180046B869 /* LaunchScreen.storyboard */; };
		6A3AD8481FB29E180046B869 /* main.m in Sources */ = {isa = PBXBuildFile; fileRef = 6A3AD8471FB29E180046B869 /* main.m */; };
		6A3AD8521FB29E180046B869 /* HFARKitTests.m in Sources */ = {isa = PBXBuildFile; fileRef = 6A3AD8511FB29E180046B869 /* HFARKitTests.m */; };
		6A3AD85D1FB29E180046B869 /* HFARKitUITests.m in Sources */ = {isa = PBXBuildFile; fileRef = 6A3AD85C1FB29E180046B869 /* HFARKitUITests.m */; };
		6A6102521FB5412C00DA4ABA /* SCNViewController.m in Sources */ = {isa = PBXBuildFile; fileRef = 6A6102511FB5412C00DA4ABA /* SCNViewController.m */; };
		6A6102551FB57A4D00DA4ABA /* DemoViewController.m in Sources */ = {isa = PBXBuildFile; fileRef = 6A6102541FB57A4D00DA4ABA /* DemoViewController.m */; };
/* End PBXBuildFile section */

/* Begin PBXContainerItemProxy section */
		6A3AD84E1FB29E180046B869 /* PBXContainerItemProxy */ = {
			isa = PBXContainerItemProxy;
			containerPortal = 6A3AD82B1FB29E170046B869 /* Project object */;
			proxyType = 1;
			remoteGlobalIDString = 6A3AD8321FB29E170046B869;
			remoteInfo = HFARKit;
		};
		6A3AD8591FB29E180046B869 /* PBXContainerItemProxy */ = {
			isa = PBXContainerItemProxy;
			containerPortal = 6A3AD82B1FB29E170046B869 /* Project object */;
			proxyType = 1;
			remoteGlobalIDString = 6A3AD8321FB29E170046B869;
			remoteInfo = HFARKit;
		};
/* End PBXContainerItemProxy section */

/* Begin PBXFileReference section */
		6A3AD8331FB29E180046B869 /* HFARKit.app */ = {isa = PBXFileReference; explicitFileType = wrapper.application; includeInIndex = 0; path = HFARKit.app; sourceTree = BUILT_PRODUCTS_DIR; };
		6A3AD8361FB29E180046B869 /* AppDelegate.h */ = {isa = PBXFileReference; lastKnownFileType = sourcecode.c.h; path = AppDelegate.h; sourceTree = "<group>"; };
		6A3AD8371FB29E180046B869 /* AppDelegate.m */ = {isa = PBXFileReference; lastKnownFileType = sourcecode.c.objc; path = AppDelegate.m; sourceTree = "<group>"; };
		6A3AD8391FB29E180046B869 /* art.scnassets */ = {isa = PBXFileReference; lastKnownFileType = wrapper.scnassets; path = art.scnassets; sourceTree = "<group>"; };
		6A3AD83B1FB29E180046B869 /* ViewController.h */ = {isa = PBXFileReference; lastKnownFileType = sourcecode.c.h; path = ViewController.h; sourceTree = "<group>"; };
		6A3AD83C1FB29E180046B869 /* ViewController.m */ = {isa = PBXFileReference; lastKnownFileType = sourcecode.c.objc; path = ViewController.m; sourceTree = "<group>"; };
		6A3AD83F1FB29E180046B869 /* Base */ = {isa = PBXFileReference; lastKnownFileType = file.storyboard; name = Base; path = Base.lproj/Main.storyboard; sourceTree = "<group>"; };
		6A3AD8411FB29E180046B869 /* Assets.xcassets */ = {isa = PBXFileReference; lastKnownFileType = folder.assetcatalog; path = Assets.xcassets; sourceTree = "<group>"; };
		6A3AD8441FB29E180046B869 /* Base */ = {isa = PBXFileReference; lastKnownFileType = file.storyboard; name = Base; path = Base.lproj/LaunchScreen.storyboard; sourceTree = "<group>"; };
		6A3AD8461FB29E180046B869 /* Info.plist */ = {isa = PBXFileReference; lastKnownFileType = text.plist.xml; path = Info.plist; sourceTree = "<group>"; };
		6A3AD8471FB29E180046B869 /* main.m */ = {isa = PBXFileReference; lastKnownFileType = sourcecode.c.objc; path = main.m; sourceTree = "<group>"; };
		6A3AD84D1FB29E180046B869 /* HFARKitTests.xctest */ = {isa = PBXFileReference; explicitFileType = wrapper.cfbundle; includeInIndex = 0; path = HFARKitTests.xctest; sourceTree = BUILT_PRODUCTS_DIR; };
		6A3AD8511FB29E180046B869 /* HFARKitTests.m */ = {isa = PBXFileReference; lastKnownFileType = sourcecode.c.objc; path = HFARKitTests.m; sourceTree = "<group>"; };
		6A3AD8531FB29E180046B869 /* Info.plist */ = {isa = PBXFileReference; lastKnownFileType = text.plist.xml; path = Info.plist; sourceTree = "<group>"; };
		6A3AD8581FB29E180046B869 /* HFARKitUITests.xctest */ = {isa = PBXFileReference; explicitFileType = wrapper.cfbundle; includeInIndex = 0; path = HFARKitUITests.xctest; sourceTree = BUILT_PRODUCTS_DIR; };
		6A3AD85C1FB29E180046B869 /* HFARKitUITests.m */ = {isa = PBXFileReference; lastKnownFileType = sourcecode.c.objc; path = HFARKitUITests.m; sourceTree = "<group>"; };
		6A3AD85E1FB29E180046B869 /* Info.plist */ = {isa = PBXFileReference; lastKnownFileType = text.plist.xml; path = Info.plist; sourceTree = "<group>"; };
		6A6102501FB5412C00DA4ABA /* SCNViewController.h */ = {isa = PBXFileReference; lastKnownFileType = sourcecode.c.h; path = SCNViewController.h; sourceTree = "<group>"; };
		6A6102511FB5412C00DA4ABA /* SCNViewController.m */ = {isa = PBXFileReference; lastKnownFileType = sourcecode.c.objc; path = SCNViewController.m; sourceTree = "<group>"; };
		6A6102531FB57A4D00DA4ABA /* DemoViewController.h */ = {isa = PBXFileReference; lastKnownFileType = sourcecode.c.h; path = DemoViewController.h; sourceTree = "<group>"; };
		6A6102541FB57A4D00DA4ABA /* DemoViewController.m */ = {isa = PBXFileReference; lastKnownFileType = sourcecode.c.objc; path = DemoViewController.m; sourceTree = "<group>"; };
/* End PBXFileReference section */

/* Begin PBXFrameworksBuildPhase section */
		6A3AD8301FB29E170046B869 /* Frameworks */ = {
			isa = PBXFrameworksBuildPhase;
			buildActionMask = 2147483647;
			files = (
			);
			runOnlyForDeploymentPostprocessing = 0;
		};
		6A3AD84A1FB29E180046B869 /* Frameworks */ = {
			isa = PBXFrameworksBuildPhase;
			buildActionMask = 2147483647;
			files = (
			);
			runOnlyForDeploymentPostprocessing = 0;
		};
		6A3AD8551FB29E180046B869 /* Frameworks */ = {
			isa = PBXFrameworksBuildPhase;
			buildActionMask = 2147483647;
			files = (
			);
			runOnlyForDeploymentPostprocessing = 0;
		};
/* End PBXFrameworksBuildPhase section */

/* Begin PBXGroup section */
		6A3AD82A1FB29E170046B869 = {
			isa = PBXGroup;
			children = (
				6A3AD8351FB29E180046B869 /* HFARKit */,
				6A3AD8501FB29E180046B869 /* HFARKitTests */,
				6A3AD85B1FB29E180046B869 /* HFARKitUITests */,
				6A3AD8341FB29E180046B869 /* Products */,
			);
			sourceTree = "<group>";
		};
		6A3AD8341FB29E180046B869 /* Products */ = {
			isa = PBXGroup;
			children = (
				6A3AD8331FB29E180046B869 /* HFARKit.app */,
				6A3AD84D1FB29E180046B869 /* HFARKitTests.xctest */,
				6A3AD8581FB29E180046B869 /* HFARKitUITests.xctest */,
			);
			name = Products;
			sourceTree = "<group>";
		};
		6A3AD8351FB29E180046B869 /* HFARKit */ = {
			isa = PBXGroup;
			children = (
				6A3AD8361FB29E180046B869 /* AppDelegate.h */,
				6A3AD8371FB29E180046B869 /* AppDelegate.m */,
				6A3AD8391FB29E180046B869 /* art.scnassets */,
				6A3AD83B1FB29E180046B869 /* ViewController.h */,
				6A3AD83C1FB29E180046B869 /* ViewController.m */,
				6A6102501FB5412C00DA4ABA /* SCNViewController.h */,
				6A6102511FB5412C00DA4ABA /* SCNViewController.m */,
				6A6102531FB57A4D00DA4ABA /* DemoViewController.h */,
				6A6102541FB57A4D00DA4ABA /* DemoViewController.m */,
				6A3AD83E1FB29E180046B869 /* Main.storyboard */,
				6A3AD8411FB29E180046B869 /* Assets.xcassets */,
				6A3AD8431FB29E180046B869 /* LaunchScreen.storyboard */,
				6A3AD8461FB29E180046B869 /* Info.plist */,
				6A3AD8471FB29E180046B869 /* main.m */,
			);
			path = HFARKit;
			sourceTree = "<group>";
		};
		6A3AD8501FB29E180046B869 /* HFARKitTests */ = {
			isa = PBXGroup;
			children = (
				6A3AD8511FB29E180046B869 /* HFARKitTests.m */,
				6A3AD8531FB29E180046B869 /* Info.plist */,
			);
			path = HFARKitTests;
			sourceTree = "<group>";
		};
		6A3AD85B1FB29E180046B869 /* HFARKitUITests */ = {
			isa = PBXGroup;
			children = (
				6A3AD85C1FB29E180046B869 /* HFARKitUITests.m */,
				6A3AD85E1FB29E180046B869 /* Info.plist */,
			);
			path = HFARKitUITests;
			sourceTree = "<group>";
		};
/* End PBXGroup section */

/* Begin PBXNativeTarget section */
		6A3AD8321FB29E170046B869 /* HFARKit */ = {
			isa = PBXNativeTarget;
			buildConfigurationList = 6A3AD8611FB29E180046B869 /* Build configuration list for PBXNativeTarget "HFARKit" */;
			buildPhases = (
				6A3AD82F1FB29E170046B869 /* Sources */,
				6A3AD8301FB29E170046B869 /* Frameworks */,
				6A3AD8311FB29E170046B869 /* Resources */,
			);
			buildRules = (
			);
			dependencies = (
			);
			name = HFARKit;
			productName = HFARKit;
			productReference = 6A3AD8331FB29E180046B869 /* HFARKit.app */;
			productType = "com.apple.product-type.application";
		};
		6A3AD84C1FB29E180046B869 /* HFARKitTests */ = {
			isa = PBXNativeTarget;
			buildConfigurationList = 6A3AD8641FB29E180046B869 /* Build configuration list for PBXNativeTarget "HFARKitTests" */;
			buildPhases = (
				6A3AD8491FB29E180046B869 /* Sources */,
				6A3AD84A1FB29E180046B869 /* Frameworks */,
				6A3AD84B1FB29E180046B869 /* Resources */,
			);
			buildRules = (
			);
			dependencies = (
				6A3AD84F1FB29E180046B869 /* PBXTargetDependency */,
			);
			name = HFARKitTests;
			productName = HFARKitTests;
			productReference = 6A3AD84D1FB29E180046B869 /* HFARKitTests.xctest */;
			productType = "com.apple.product-type.bundle.unit-test";
		};
		6A3AD8571FB29E180046B869 /* HFARKitUITests */ = {
			isa = PBXNativeTarget;
			buildConfigurationList = 6A3AD8671FB29E180046B869 /* Build configuration list for PBXNativeTarget "HFARKitUITests" */;
			buildPhases = (
				6A3AD8541FB29E180046B869 /* Sources */,
				6A3AD8551FB29E180046B869 /* Frameworks */,
				6A3AD8561FB29E180046B869 /* Resources */,
			);
			buildRules = (
			);
			dependencies = (
				6A3AD85A1FB29E180046B869 /* PBXTargetDependency */,
			);
			name = HFARKitUITests;
			productName = HFARKitUITests;
			productReference = 6A3AD8581FB29E180046B869 /* HFARKitUITests.xctest */;
			productType = "com.apple.product-type.bundle.ui-testing";
		};
/* End PBXNativeTarget section */

/* Begin PBXProject section */
		6A3AD82B1FB29E170046B869 /* Project object */ = {
			isa = PBXProject;
			attributes = {
				LastUpgradeCheck = 0900;
				ORGANIZATIONNAME = hanfeng;
				TargetAttributes = {
					6A3AD8321FB29E170046B869 = {
						CreatedOnToolsVersion = 9.0;
						ProvisioningStyle = Automatic;
					};
					6A3AD84C1FB29E180046B869 = {
						CreatedOnToolsVersion = 9.0;
						ProvisioningStyle = Automatic;
						TestTargetID = 6A3AD8321FB29E170046B869;
					};
					6A3AD8571FB29E180046B869 = {
						CreatedOnToolsVersion = 9.0;
						ProvisioningStyle = Automatic;
						TestTargetID = 6A3AD8321FB29E170046B869;
					};
				};
			};
			buildConfigurationList = 6A3AD82E1FB29E170046B869 /* Build configuration list for PBXProject "HFARKit" */;
			compatibilityVersion = "Xcode 8.0";
			developmentRegion = en;
			hasScannedForEncodings = 0;
			knownRegions = (
				en,
				Base,
			);
			mainGroup = 6A3AD82A1FB29E170046B869;
			productRefGroup = 6A3AD8341FB29E180046B869 /* Products */;
			projectDirPath = "";
			projectRoot = "";
			targets = (
				6A3AD8321FB29E170046B869 /* HFARKit */,
				6A3AD84C1FB29E180046B869 /* HFARKitTests */,
				6A3AD8571FB29E180046B869 /* HFARKitUITests */,
			);
		};
/* End PBXProject section */

/* Begin PBXResourcesBuildPhase section */
		6A3AD8311FB29E170046B869 /* Resources */ = {
			isa = PBXResourcesBuildPhase;
			buildActionMask = 2147483647;
			files = (
				6A3AD83A1FB29E180046B869 /* art.scnassets in Resources */,
				6A3AD8451FB29E180046B869 /* LaunchScreen.storyboard in Resources */,
				6A3AD8421FB29E180046B869 /* Assets.xcassets in Resources */,
				6A3AD8401FB29E180046B869 /* Main.storyboard in Resources */,
			);
			runOnlyForDeploymentPostprocessing = 0;
		};
		6A3AD84B1FB29E180046B869 /* Resources */ = {
			isa = PBXResourcesBuildPhase;
			buildActionMask = 2147483647;
			files = (
			);
			runOnlyForDeploymentPostprocessing = 0;
		};
		6A3AD8561FB29E180046B869 /* Resources */ = {
			isa = PBXResourcesBuildPhase;
			buildActionMask = 2147483647;
			files = (
			);
			runOnlyForDeploymentPostprocessing = 0;
		};
/* End PBXResourcesBuildPhase section */

/* Begin PBXSourcesBuildPhase section */
		6A3AD82F1FB29E170046B869 /* Sources */ = {
			isa = PBXSourcesBuildPhase;
			buildActionMask = 2147483647;
			files = (
				6A3AD83D1FB29E180046B869 /* ViewController.m in Sources */,
				6A6102521FB5412C00DA4ABA /* SCNViewController.m in Sources */,
				6A3AD8481FB29E180046B869 /* main.m in Sources */,
				6A6102551FB57A4D00DA4ABA /* DemoViewController.m in Sources */,
				6A3AD8381FB29E180046B869 /* AppDelegate.m in Sources */,
			);
			runOnlyForDeploymentPostprocessing = 0;
		};
		6A3AD8491FB29E180046B869 /* Sources */ = {
			isa = PBXSourcesBuildPhase;
			buildActionMask = 2147483647;
			files = (
				6A3AD8521FB29E180046B869 /* HFARKitTests.m in Sources */,
			);
			runOnlyForDeploymentPostprocessing = 0;
		};
		6A3AD8541FB29E180046B869 /* Sources */ = {
			isa = PBXSourcesBuildPhase;
			buildActionMask = 2147483647;
			files = (
				6A3AD85D1FB29E180046B869 /* HFARKitUITests.m in Sources */,
			);
			runOnlyForDeploymentPostprocessing = 0;
		};
/* End PBXSourcesBuildPhase section */

/* Begin PBXTargetDependency section */
		6A3AD84F1FB29E180046B869 /* PBXTargetDependency */ = {
			isa = PBXTargetDependency;
			target = 6A3AD8321FB29E170046B869 /* HFARKit */;
			targetProxy = 6A3AD84E1FB29E180046B869 /* PBXContainerItemProxy */;
		};
		6A3AD85A1FB29E180046B869 /* PBXTargetDependency */ = {
			isa = PBXTargetDependency;
			target = 6A3AD8321FB29E170046B869 /* HFARKit */;
			targetProxy = 6A3AD8591FB29E180046B869 /* PBXContainerItemProxy */;
		};
/* End PBXTargetDependency section */

/* Begin PBXVariantGroup section */
		6A3AD83E1FB29E180046B869 /* Main.storyboard */ = {
			isa = PBXVariantGroup;
			children = (
				6A3AD83F1FB29E180046B869 /* Base */,
			);
			name = Main.storyboard;
			sourceTree = "<group>";
		};
		6A3AD8431FB29E180046B869 /* LaunchScreen.storyboard */ = {
			isa = PBXVariantGroup;
			children = (
				6A3AD8441FB29E180046B869 /* Base */,
			);
			name = LaunchScreen.storyboard;
			sourceTree = "<group>";
		};
/* End PBXVariantGroup section */

/* Begin XCBuildConfiguration section */
		6A3AD85F1FB29E180046B869 /* Debug */ = {
			isa = XCBuildConfiguration;
			buildSettings = {
				ALWAYS_SEARCH_USER_PATHS = NO;
				CLANG_ANALYZER_NONNULL = YES;
				CLANG_ANALYZER_NUMBER_OBJECT_CONVERSION = YES_AGGRESSIVE;
				CLANG_CXX_LANGUAGE_STANDARD = "gnu++14";
				CLANG_CXX_LIBRARY = "libc++";
				CLANG_ENABLE_MODULES = YES;
				CLANG_ENABLE_OBJC_ARC = YES;
				CLANG_WARN_BLOCK_CAPTURE_AUTORELEASING = YES;
				CLANG_WARN_BOOL_CONVERSION = YES;
				CLANG_WARN_COMMA = YES;
				CLANG_WARN_CONSTANT_CONVERSION = YES;
				CLANG_WARN_DIRECT_OBJC_ISA_USAGE = YES_ERROR;
				CLANG_WARN_DOCUMENTATION_COMMENTS = YES;
				CLANG_WARN_EMPTY_BODY = YES;
				CLANG_WARN_ENUM_CONVERSION = YES;
				CLANG_WARN_INFINITE_RECURSION = YES;
				CLANG_WARN_INT_CONVERSION = YES;
				CLANG_WARN_NON_LITERAL_NULL_CONVERSION = YES;
				CLANG_WARN_OBJC_LITERAL_CONVERSION = YES;
				CLANG_WARN_OBJC_ROOT_CLASS = YES_ERROR;
				CLANG_WARN_RANGE_LOOP_ANALYSIS = YES;
				CLANG_WARN_STRICT_PROTOTYPES = YES;
				CLANG_WARN_SUSPICIOUS_MOVE = YES;
				CLANG_WARN_UNGUARDED_AVAILABILITY = YES_AGGRESSIVE;
				CLANG_WARN_UNREACHABLE_CODE = YES;
				CLANG_WARN__DUPLICATE_METHOD_MATCH = YES;
				CODE_SIGN_IDENTITY = "iPhone Developer";
				COPY_PHASE_STRIP = NO;
				DEBUG_INFORMATION_FORMAT = dwarf;
				ENABLE_STRICT_OBJC_MSGSEND = YES;
				ENABLE_TESTABILITY = YES;
				GCC_C_LANGUAGE_STANDARD = gnu11;
				GCC_DYNAMIC_NO_PIC = NO;
				GCC_NO_COMMON_BLOCKS = YES;
				GCC_OPTIMIZATION_LEVEL = 0;
				GCC_PREPROCESSOR_DEFINITIONS = (
					"DEBUG=1",
					"$(inherited)",
				);
				GCC_WARN_64_TO_32_BIT_CONVERSION = YES;
				GCC_WARN_ABOUT_RETURN_TYPE = YES_ERROR;
				GCC_WARN_UNDECLARED_SELECTOR = YES;
				GCC_WARN_UNINITIALIZED_AUTOS = YES_AGGRESSIVE;
				GCC_WARN_UNUSED_FUNCTION = YES;
				GCC_WARN_UNUSED_VARIABLE = YES;
				IPHONEOS_DEPLOYMENT_TARGET = 11.0;
				MTL_ENABLE_DEBUG_INFO = YES;
				ONLY_ACTIVE_ARCH = YES;
				SDKROOT = iphoneos;
			};
			name = Debug;
		};
		6A3AD8601FB29E180046B869 /* Release */ = {
			isa = XCBuildConfiguration;
			buildSettings = {
				ALWAYS_SEARCH_USER_PATHS = NO;
				CLANG_ANALYZER_NONNULL = YES;
				CLANG_ANALYZER_NUMBER_OBJECT_CONVERSION = YES_AGGRESSIVE;
				CLANG_CXX_LANGUAGE_STANDARD = "gnu++14";
				CLANG_CXX_LIBRARY = "libc++";
				CLANG_ENABLE_MODULES = YES;
				CLANG_ENABLE_OBJC_ARC = YES;
				CLANG_WARN_BLOCK_CAPTURE_AUTORELEASING = YES;
				CLANG_WARN_BOOL_CONVERSION = YES;
				CLANG_WARN_COMMA = YES;
				CLANG_WARN_CONSTANT_CONVERSION = YES;
				CLANG_WARN_DIRECT_OBJC_ISA_USAGE = YES_ERROR;
				CLANG_WARN_DOCUMENTATION_COMMENTS = YES;
				CLANG_WARN_EMPTY_BODY = YES;
				CLANG_WARN_ENUM_CONVERSION = YES;
				CLANG_WARN_INFINITE_RECURSION = YES;
				CLANG_WARN_INT_CONVERSION = YES;
				CLANG_WARN_NON_LITERAL_NULL_CONVERSION = YES;
				CLANG_WARN_OBJC_LITERAL_CONVERSION = YES;
				CLANG_WARN_OBJC_ROOT_CLASS = YES_ERROR;
				CLANG_WARN_RANGE_LOOP_ANALYSIS = YES;
				CLANG_WARN_STRICT_PROTOTYPES = YES;
				CLANG_WARN_SUSPICIOUS_MOVE = YES;
				CLANG_WARN_UNGUARDED_AVAILABILITY = YES_AGGRESSIVE;
				CLANG_WARN_UNREACHABLE_CODE = YES;
				CLANG_WARN__DUPLICATE_METHOD_MATCH = YES;
				CODE_SIGN_IDENTITY = "iPhone Developer";
				COPY_PHASE_STRIP = NO;
				DEBUG_INFORMATION_FORMAT = "dwarf-with-dsym";
				ENABLE_NS_ASSERTIONS = NO;
				ENABLE_STRICT_OBJC_MSGSEND = YES;
				GCC_C_LANGUAGE_STANDARD = gnu11;
				GCC_NO_COMMON_BLOCKS = YES;
				GCC_WARN_64_TO_32_BIT_CONVERSION = YES;
				GCC_WARN_ABOUT_RETURN_TYPE = YES_ERROR;
				GCC_WARN_UNDECLARED_SELECTOR = YES;
				GCC_WARN_UNINITIALIZED_AUTOS = YES_AGGRESSIVE;
				GCC_WARN_UNUSED_FUNCTION = YES;
				GCC_WARN_UNUSED_VARIABLE = YES;
				IPHONEOS_DEPLOYMENT_TARGET = 11.0;
				MTL_ENABLE_DEBUG_INFO = NO;
				SDKROOT = iphoneos;
				VALIDATE_PRODUCT = YES;
			};
			name = Release;
		};
		6A3AD8621FB29E180046B869 /* Debug */ = {
			isa = XCBuildConfiguration;
			buildSettings = {
				ASSETCATALOG_COMPILER_APPICON_NAME = AppIcon;
				CODE_SIGN_STYLE = Automatic;
				DEVELOPMENT_TEAM = 39R6VHSDLS;
				INFOPLIST_FILE = HFARKit/Info.plist;
				LD_RUNPATH_SEARCH_PATHS = "$(inherited) @executable_path/Frameworks";
				PRODUCT_BUNDLE_IDENTIFIER = zzuli.cn.HFARKit;
				PRODUCT_NAME = "$(TARGET_NAME)";
				TARGETED_DEVICE_FAMILY = "1,2";
			};
			name = Debug;
		};
		6A3AD8631FB29E180046B869 /* Release */ = {
			isa = XCBuildConfiguration;
			buildSettings = {
				ASSETCATALOG_COMPILER_APPICON_NAME = AppIcon;
				CODE_SIGN_STYLE = Automatic;
				DEVELOPMENT_TEAM = 39R6VHSDLS;
				INFOPLIST_FILE = HFARKit/Info.plist;
				LD_RUNPATH_SEARCH_PATHS = "$(inherited) @executable_path/Frameworks";
				PRODUCT_BUNDLE_IDENTIFIER = zzuli.cn.HFARKit;
				PRODUCT_NAME = "$(TARGET_NAME)";
				TARGETED_DEVICE_FAMILY = "1,2";
			};
			name = Release;
		};
		6A3AD8651FB29E180046B869 /* Debug */ = {
			isa = XCBuildConfiguration;
			buildSettings = {
				BUNDLE_LOADER = "$(TEST_HOST)";
				CODE_SIGN_STYLE = Automatic;
				DEVELOPMENT_TEAM = 39R6VHSDLS;
				INFOPLIST_FILE = HFARKitTests/Info.plist;
				LD_RUNPATH_SEARCH_PATHS = "$(inherited) @executable_path/Frameworks @loader_path/Frameworks";
				PRODUCT_BUNDLE_IDENTIFIER = zzuli.cn.HFARKitTests;
				PRODUCT_NAME = "$(TARGET_NAME)";
				TARGETED_DEVICE_FAMILY = "1,2";
				TEST_HOST = "$(BUILT_PRODUCTS_DIR)/HFARKit.app/HFARKit";
			};
			name = Debug;
		};
		6A3AD8661FB29E180046B869 /* Release */ = {
			isa = XCBuildConfiguration;
			buildSettings = {
				BUNDLE_LOADER = "$(TEST_HOST)";
				CODE_SIGN_STYLE = Automatic;
				DEVELOPMENT_TEAM = 39R6VHSDLS;
				INFOPLIST_FILE = HFARKitTests/Info.plist;
				LD_RUNPATH_SEARCH_PATHS = "$(inherited) @executable_path/Frameworks @loader_path/Frameworks";
				PRODUCT_BUNDLE_IDENTIFIER = zzuli.cn.HFARKitTests;
				PRODUCT_NAME = "$(TARGET_NAME)";
				TARGETED_DEVICE_FAMILY = "1,2";
				TEST_HOST = "$(BUILT_PRODUCTS_DIR)/HFARKit.app/HFARKit";
			};
			name = Release;
		};
		6A3AD8681FB29E180046B869 /* Debug */ = {
			isa = XCBuildConfiguration;
			buildSettings = {
				CODE_SIGN_STYLE = Automatic;
				DEVELOPMENT_TEAM = 39R6VHSDLS;
				INFOPLIST_FILE = HFARKitUITests/Info.plist;
				LD_RUNPATH_SEARCH_PATHS = "$(inherited) @executable_path/Frameworks @loader_path/Frameworks";
				PRODUCT_BUNDLE_IDENTIFIER = zzuli.cn.HFARKitUITests;
				PRODUCT_NAME = "$(TARGET_NAME)";
				TARGETED_DEVICE_FAMILY = "1,2";
				TEST_TARGET_NAME = HFARKit;
			};
			name = Debug;
		};
		6A3AD8691FB29E180046B869 /* Release */ = {
			isa = XCBuildConfiguration;
			buildSettings = {
				CODE_SIGN_STYLE = Automatic;
				DEVELOPMENT_TEAM = 39R6VHSDLS;
				INFOPLIST_FILE = HFARKitUITests/Info.plist;
				LD_RUNPATH_SEARCH_PATHS = "$(inherited) @executable_path/Frameworks @loader_path/Frameworks";
				PRODUCT_BUNDLE_IDENTIFIER = zzuli.cn.HFARKitUITests;
				PRODUCT_NAME = "$(TARGET_NAME)";
				TARGETED_DEVICE_FAMILY = "1,2";
				TEST_TARGET_NAME = HFARKit;
			};
			name = Release;
		};
/* End XCBuildConfiguration section */

/* Begin XCConfigurationList section */
		6A3AD82E1FB29E170046B869 /* Build configuration list for PBXProject "HFARKit" */ = {
			isa = XCConfigurationList;
			buildConfigurations = (
				6A3AD85F1FB29E180046B869 /* Debug */,
				6A3AD8601FB29E180046B869 /* Release */,
			);
			defaultConfigurationIsVisible = 0;
			defaultConfigurationName = Release;
		};
		6A3AD8611FB29E180046B869 /* Build configuration list for PBXNativeTarget "HFARKit" */ = {
			isa = XCConfigurationList;
			buildConfigurations = (
				6A3AD8621FB29E180046B869 /* Debug */,
				6A3AD8631FB29E180046B869 /* Release */,
			);
			defaultConfigurationIsVisible = 0;
			defaultConfigurationName = Release;
		};
		6A3AD8641FB29E180046B869 /* Build configuration list for PBXNativeTarget "HFARKitTests" */ = {
			isa = XCConfigurationList;
			buildConfigurations = (
				6A3AD8651FB29E180046B869 /* Debug */,
				6A3AD8661FB29E180046B869 /* Release */,
			);
			defaultConfigurationIsVisible = 0;
			defaultConfigurationName = Release;
		};
		6A3AD8671FB29E180046B869 /* Build configuration list for PBXNativeTarget "HFARKitUITests" */ = {
			isa = XCConfigurationList;
			buildConfigurations = (
				6A3AD8681FB29E180046B869 /* Debug */,
				6A3AD8691FB29E180046B869 /* Release */,
			);
			defaultConfigurationIsVisible = 0;
			defaultConfigurationName = Release;
		};
/* End XCConfigurationList section */
	};
	rootObject = 6A3AD82B1FB29E170046B869 /* Project object */;
}
